
Microsoft Visual Studio Solution File, Format Version 12.00
# Visual Studio 14
VisualStudioVersion = 14.0.23107.0
MinimumVisualStudioVersion = 10.0.40219.1
Project("{FAE04EC0-301F-11D3-BF4B-00C04F79EFBC}") = "ExceptionsHandling", "ExceptionsHandling\ExceptionsHandling.csproj", "{4203384A-32B3-4582-9E95-E4EBF51E19F6}"
EndProject
Project("{FAE04EC0-301F-11D3-BF4B-00C04F79EFBC}") = "DataConvertion", "DataConvertion\DataConvertion.csproj", "{328F37A3-8A6B-40BE-8DEE-314269F6D70C}"
EndProject
Global
	GlobalSection(SolutionConfigurationPlatforms) = preSolution
		Debug|Any CPU = Debug|Any CPU
		Release|Any CPU = Release|Any CPU
	EndGlobalSection
	GlobalSection(ProjectConfigurationPlatforms) = postSolution
		{4203384A-32B3-4582-9E95-E4EBF51E19F6}.Debug|Any CPU.ActiveCfg = Debug|Any CPU
		{4203384A-32B3-4582-9E95-E4EBF51E19F6}.Debug|Any CPU.Build.0 = Debug|Any CPU
		{4203384A-32B3-4582-9E95-E4EBF51E19F6}.Release|Any CPU.ActiveCfg = Release|Any CPU
		{4203384A-32B3-4582-9E95-E4EBF51E19F6}.Release|Any CPU.Build.0 = Release|Any CPU
		{328F37A3-8A6B-40BE-8DEE-314269F6D70C}.Debug|Any CPU.ActiveCfg = Debug|Any CPU
		{328F37A3-8A6B-40BE-8DEE-314269F6D70C}.Debug|Any CPU.Build.0 = Debug|Any CPU
		{328F37A3-8A6B-40BE-8DEE-314269F6D70C}.Release|Any CPU.ActiveCfg = Release|Any CPU
		{328F37A3-8A6B-40BE-8DEE-314269F6D70C}.Release|Any CPU.Build.0 = Release|Any CPU
	EndGlobalSection
	GlobalSection(SolutionProperties) = preSolution
		HideSolutionNode = FALSE
	EndGlobalSection
EndGlobal
