
Microsoft Visual Studio Solution File, Format Version 12.00
# Visual Studio 14
VisualStudioVersion = 14.0.23107.0
MinimumVisualStudioVersion = 10.0.40219.1
Project("{FAE04EC0-301F-11D3-BF4B-00C04F79EFBC}") = "AppDomainSample", "AppDomainSample\AppDomainSample.csproj", "{1F07BD75-D917-41E7-89A7-602263B69B3E}"
EndProject
Project("{FAE04EC0-301F-11D3-BF4B-00C04F79EFBC}") = "GenerateFilesPlugin", "GenerateFilesPlugin\GenerateFilesPlugin.csproj", "{5AD62F42-7CCE-4D10-9939-F0E2FCEB9F15}"
EndProject
Global
	GlobalSection(SolutionConfigurationPlatforms) = preSolution
		Debug|Any CPU = Debug|Any CPU
		Release|Any CPU = Release|Any CPU
	EndGlobalSection
	GlobalSection(ProjectConfigurationPlatforms) = postSolution
		{1F07BD75-D917-41E7-89A7-602263B69B3E}.Debug|Any CPU.ActiveCfg = Debug|Any CPU
		{1F07BD75-D917-41E7-89A7-602263B69B3E}.Debug|Any CPU.Build.0 = Debug|Any CPU
		{1F07BD75-D917-41E7-89A7-602263B69B3E}.Release|Any CPU.ActiveCfg = Release|Any CPU
		{1F07BD75-D917-41E7-89A7-602263B69B3E}.Release|Any CPU.Build.0 = Release|Any CPU
		{5AD62F42-7CCE-4D10-9939-F0E2FCEB9F15}.Debug|Any CPU.ActiveCfg = Debug|Any CPU
		{5AD62F42-7CCE-4D10-9939-F0E2FCEB9F15}.Debug|Any CPU.Build.0 = Debug|Any CPU
		{5AD62F42-7CCE-4D10-9939-F0E2FCEB9F15}.Release|Any CPU.ActiveCfg = Release|Any CPU
		{5AD62F42-7CCE-4D10-9939-F0E2FCEB9F15}.Release|Any CPU.Build.0 = Release|Any CPU
	EndGlobalSection
	GlobalSection(SolutionProperties) = preSolution
		HideSolutionNode = FALSE
	EndGlobalSection
EndGlobal
